Microsoft Visual Studio Solution File, Format Version 12.00
# Visual Studio Version 17
VisualStudioVersion = 17.0.31903.59
MinimumVisualStudioVersion = 10.0.40219.1
Project("{FAE04EC0-301F-11D3-BF4B-00C04F79EFBC}") = "KsefIntegration", "src\KsefIntegration\KsefIntegration.csproj", "{2F9BE7FE-7CC2-426C-9A4B-A5D157BD8D90}"
EndProject
Project("{FAE04EC0-301F-11D3-BF4B-00C04F79EFBC}") = "KsefWinFormsApp", "src\KsefWinFormsApp\KsefWinFormsApp.csproj", "{CFF1EB2A-E98B-4FD6-A0BB-7D303E4E537D}"
EndProject
Global
	GlobalSection(SolutionConfigurationPlatforms) = preSolution
		Debug|Any CPU = Debug|Any CPU
		Release|Any CPU = Release|Any CPU
	EndGlobalSection
	GlobalSection(ProjectConfigurationPlatforms) = postSolution
		{2F9BE7FE-7CC2-426C-9A4B-A5D157BD8D90}.Debug|Any CPU.ActiveCfg = Debug|Any CPU
		{2F9BE7FE-7CC2-426C-9A4B-A5D157BD8D90}.Debug|Any CPU.Build.0 = Debug|Any CPU
		{2F9BE7FE-7CC2-426C-9A4B-A5D157BD8D90}.Release|Any CPU.ActiveCfg = Release|Any CPU
		{2F9BE7FE-7CC2-426C-9A4B-A5D157BD8D90}.Release|Any CPU.Build.0 = Release|Any CPU
		{CFF1EB2A-E98B-4FD6-A0BB-7D303E4E537D}.Debug|Any CPU.ActiveCfg = Debug|Any CPU
		{CFF1EB2A-E98B-4FD6-A0BB-7D303E4E537D}.Debug|Any CPU.Build.0 = Debug|Any CPU
		{CFF1EB2A-E98B-4FD6-A0BB-7D303E4E537D}.Release|Any CPU.ActiveCfg = Release|Any CPU
		{CFF1EB2A-E98B-4FD6-A0BB-7D303E4E537D}.Release|Any CPU.Build.0 = Release|Any CPU
	EndGlobalSection
	GlobalSection(SolutionProperties) = preSolution
		HideSolutionNode = FALSE
	EndGlobalSection
EndGlobal
